
Microsoft Visual Studio Solution File, Format Version 12.00
# Visual Studio Version 16
VisualStudioVersion = 16.0.31624.102
MinimumVisualStudioVersion = 10.0.40219.1
Project("{FAE04EC0-301F-11D3-BF4B-00C04F79EFBC}") = "Groupoid-analyzer", "Groupoid-analyzer\Groupoid-analyzer.csproj", "{2448EFE9-DD6D-4D57-8BFF-43FF8A37B301}"
EndProject
Global
	GlobalSection(SolutionConfigurationPlatforms) = preSolution
		Debug|Any CPU = Debug|Any CPU
		Release|Any CPU = Release|Any CPU
	EndGlobalSection
	GlobalSection(ProjectConfigurationPlatforms) = postSolution
		{2448EFE9-DD6D-4D57-8BFF-43FF8A37B301}.Debug|Any CPU.ActiveCfg = Debug|Any CPU
		{2448EFE9-DD6D-4D57-8BFF-43FF8A37B301}.Debug|Any CPU.Build.0 = Debug|Any CPU
		{2448EFE9-DD6D-4D57-8BFF-43FF8A37B301}.Release|Any CPU.ActiveCfg = Release|Any CPU
		{2448EFE9-DD6D-4D57-8BFF-43FF8A37B301}.Release|Any CPU.Build.0 = Release|Any CPU
	EndGlobalSection
	GlobalSection(SolutionProperties) = preSolution
		HideSolutionNode = FALSE
	EndGlobalSection
	GlobalSection(ExtensibilityGlobals) = postSolution
		SolutionGuid = {A066562D-7217-4A9A-949B-15143CE85656}
	EndGlobalSection
EndGlobal
